GEM
  remote: https://rubygems.org/
  specs:
    sqlite3 (2.9.6-arm64-darwin)
    sqlite3 (2.9.6-x86_64-linux-gnu)

PLATFORMS
  arm64-darwin
  x86_64-linux

DEPENDENCIES
  sqlite3 (~> 2.9)

CHECKSUMS
  sqlite3 (2.9.6-arm64-darwin) sha256=849b5d7f795e60fe25076d62c72dd722beb45b3850b516ad978d60ee848ec15b
  sqlite3 (2.9.6-x86_64-linux-gnu) sha256=613188ce02f614126ddbc38c5e217ccffd6306d0dcd9adca9764547aa890a634

BUNDLED WITH
  4.0.10
